{
  "version": 4,
  "terraform_version": "1.5.7",
  "serial": 1,
  "lineage": "1700f33d-5de7-8b3d-723e-167801c9d138",
  "outputs": {},
  "resources": [
    {
      "mode": "managed",
      "type": "local_file",
      "name": "welcome_message",
      "provider": "provider[\"registry.terraform.io/hashicorp/local\"]",
      "instances": [
        {
          "schema_version": 0,
          "attributes": {
            "content": "Use Terraform in Cloud Shell.\n",
            "content_base64": null,
            "content_base64sha256": "6OvbiwYCxrJ3DiEJnaZJvMaA8z5NroBQ7Z4FKQv0Aws=",
            "content_base64sha512": "lNOUA3wdBKkdVjCDZm94STlWEAKdXYwLKkuewATKubnMun0hK08iZpagGaRw3MPAhU+jP/812kYyu31LD25krg==",
            "content_md5": "6b9451540d9d87e51ad62d67c9748917",
            "content_sha1": "9249a11dd2cad1720bd36bc5491dfcf24c3cb779",
            "content_sha256": "e8ebdb8b0602c6b2770e21099da649bcc680f33e4dae8050ed9e05290bf4030b",
            "content_sha512": "94d394037c1d04a91d563083666f7849395610029d5d8c0b2a4b9ec004cab9b9ccba7d212b4f226696a019a470dcc3c0854fa33fff35da4632bb7d4b0f6e64ae",
            "directory_permission": "0777",
            "file_permission": "0777",
            "filename": "./hello.txt",
            "id": "9249a11dd2cad1720bd36bc5491dfcf24c3cb779",
            "sensitive_content": null,
            "source": null
          },
          "sensitive_attributes": []
        }
      ]
    }
  ],
  "check_results": null
}
